{
    "_meta": {
        "hash": {
            "sha256": "ebee86fd5472a50031268c628d794082712485e09178f4f36449fcefe4bbeb00"
        },
        "pipfile-spec": 6,
        "requires": {
            "python_version": "3.8"
        },
        "sources": [
            {
                "name": "pypi",
                "url": "https://pypi.org/simple",
                "verify_ssl": true
            }
        ]
    },
    "default": {
        "lxml": {
            "hashes": [
                "sha256:06d4e0bbb1d62e38ae6118406d7cdb4693a3fa34ee3762238bcb96c9e36a93cd",
                "sha256:0701f7965903a1c3f6f09328c1278ac0eee8f56f244e66af79cb224b7ef3801c",
                "sha256:1f2c4ec372bf1c4a2c7e4bb20845e8bcf8050365189d86806bad1e3ae473d081",
                "sha256:4235bc124fdcf611d02047d7034164897ade13046bda967768836629bc62784f",
                "sha256:5828c7f3e615f3975d48f40d4fe66e8a7b25f16b5e5705ffe1d22e43fb1f6261",
                "sha256:585c0869f75577ac7a8ff38d08f7aac9033da2c41c11352ebf86a04652758b7a",
                "sha256:5d467ce9c5d35b3bcc7172c06320dddb275fea6ac2037f72f0a4d7472035cea9",
                "sha256:63dbc21efd7e822c11d5ddbedbbb08cd11a41e0032e382a0fd59b0b08e405a3a",
                "sha256:7bc1b221e7867f2e7ff1933165c0cec7153dce93d0cdba6554b42a8beb687bdb",
                "sha256:8620ce80f50d023d414183bf90cc2576c2837b88e00bea3f33ad2630133bbb60",
                "sha256:8a0ebda56ebca1a83eb2d1ac266649b80af8dd4b4a3502b2c1e09ac2f88fe128",
                "sha256:90ed0e36455a81b25b7034038e40880189169c308a3df360861ad74da7b68c1a",
                "sha256:95e67224815ef86924fbc2b71a9dbd1f7262384bca4bc4793645794ac4200717",
                "sha256:afdb34b715daf814d1abea0317b6d672476b498472f1e5aacbadc34ebbc26e89",
                "sha256:b4b2c63cc7963aedd08a5f5a454c9f67251b1ac9e22fd9d72836206c42dc2a72",
                "sha256:d068f55bda3c2c3fcaec24bd083d9e2eede32c583faf084d6e4b9daaea77dde8",
                "sha256:d5b3c4b7edd2e770375a01139be11307f04341ec709cf724e0f26ebb1eef12c3",
                "sha256:deadf4df349d1dcd7b2853a2c8796593cc346600726eff680ed8ed11812382a7",
                "sha256:df533af6f88080419c5a604d0d63b2c33b1c0c4409aba7d0cb6de305147ea8c8",
                "sha256:e4aa948eb15018a657702fee0b9db47e908491c64d36b4a90f59a64741516e77",
                "sha256:e5d842c73e4ef6ed8c1bd77806bf84a7cb535f9c0cf9b2c74d02ebda310070e1",
                "sha256:ebec08091a22c2be870890913bdadd86fcd8e9f0f22bcb398abd3af914690c15",
                "sha256:edc15fcfd77395e24543be48871c251f38132bb834d9fdfdad756adb6ea37679",
                "sha256:f2b74784ed7e0bc2d02bd53e48ad6ba523c9b36c194260b7a5045071abbb1012",
                "sha256:fa071559f14bd1e92077b1b5f6c22cf09756c6de7139370249eb372854ce51e6",
                "sha256:fd52e796fee7171c4361d441796b64df1acfceb51f29e545e812f16d023c4bbc",
                "sha256:fe976a0f1ef09b3638778024ab9fb8cde3118f203364212c198f71341c0715ca"
            ],
            "index": "pypi",
            "version": "==4.5.0"
        },
        "numpy": {
            "hashes": [
                "sha256:1598a6de323508cfeed6b7cd6c4efb43324f4692e20d1f76e1feec7f59013448",
                "sha256:1b0ece94018ae21163d1f651b527156e1f03943b986188dd81bc7e066eae9d1c",
                "sha256:2e40be731ad618cb4974d5ba60d373cdf4f1b8dcbf1dcf4d9dff5e212baf69c5",
                "sha256:4ba59db1fcc27ea31368af524dcf874d9277f21fd2e1f7f1e2e0c75ee61419ed",
                "sha256:59ca9c6592da581a03d42cc4e270732552243dc45e87248aa8d636d53812f6a5",
                "sha256:5e0feb76849ca3e83dd396254e47c7dba65b3fa9ed3df67c2556293ae3e16de3",
                "sha256:6d205249a0293e62bbb3898c4c2e1ff8a22f98375a34775a259a0523111a8f6c",
                "sha256:6fcc5a3990e269f86d388f165a089259893851437b904f422d301cdce4ff25c8",
                "sha256:82847f2765835c8e5308f136bc34018d09b49037ec23ecc42b246424c767056b",
                "sha256:87902e5c03355335fc5992a74ba0247a70d937f326d852fc613b7f53516c0963",
                "sha256:9ab21d1cb156a620d3999dd92f7d1c86824c622873841d6b080ca5495fa10fef",
                "sha256:a1baa1dc8ecd88fb2d2a651671a84b9938461e8a8eed13e2f0a812a94084d1fa",
                "sha256:a244f7af80dacf21054386539699ce29bcc64796ed9850c99a34b41305630286",
                "sha256:a35af656a7ba1d3decdd4fae5322b87277de8ac98b7d9da657d9e212ece76a61",
                "sha256:b1fe1a6f3a6f355f6c29789b5927f8bd4f134a4bd9a781099a7c4f66af8850f5",
                "sha256:b5ad0adb51b2dee7d0ee75a69e9871e2ddfb061c73ea8bc439376298141f77f5",
                "sha256:ba3c7a2814ec8a176bb71f91478293d633c08582119e713a0c5351c0f77698da",
                "sha256:cd77d58fb2acf57c1d1ee2835567cd70e6f1835e32090538f17f8a3a99e5e34b",
                "sha256:cdb3a70285e8220875e4d2bc394e49b4988bdb1298ffa4e0bd81b2f613be397c",
                "sha256:deb529c40c3f1e38d53d5ae6cd077c21f1d49e13afc7936f7f868455e16b64a0",
                "sha256:e7894793e6e8540dbeac77c87b489e331947813511108ae097f1715c018b8f3d"
            ],
            "index": "pypi",
            "version": "==1.18.2"
        },
        "pillow": {
            "hashes": [
                "sha256:0a628977ac2e01ca96aaae247ec2bd38e729631ddf2221b4b715446fd45505be",
                "sha256:4d9ed9a64095e031435af120d3c910148067087541131e82b3e8db302f4c8946",
                "sha256:54ebae163e8412aff0b9df1e88adab65788f5f5b58e625dc5c7f51eaf14a6837",
                "sha256:5bfef0b1cdde9f33881c913af14e43db69815c7e8df429ceda4c70a5e529210f",
                "sha256:5f3546ceb08089cedb9e8ff7e3f6a7042bb5b37c2a95d392fb027c3e53a2da00",
                "sha256:5f7ae9126d16194f114435ebb79cc536b5682002a4fa57fa7bb2cbcde65f2f4d",
                "sha256:62a889aeb0a79e50ecf5af272e9e3c164148f4bd9636cc6bcfa182a52c8b0533",
                "sha256:7406f5a9b2fd966e79e6abdaf700585a4522e98d6559ce37fc52e5c955fade0a",
                "sha256:8453f914f4e5a3d828281a6628cf517832abfa13ff50679a4848926dac7c0358",
                "sha256:87269cc6ce1e3dee11f23fa515e4249ae678dbbe2704598a51cee76c52e19cda",
                "sha256:875358310ed7abd5320f21dd97351d62de4929b0426cdb1eaa904b64ac36b435",
                "sha256:8ac6ce7ff3892e5deaab7abaec763538ffd011f74dc1801d93d3c5fc541feee2",
                "sha256:91b710e3353aea6fc758cdb7136d9bbdcb26b53cefe43e2cba953ac3ee1d3313",
                "sha256:9d2ba4ed13af381233e2d810ff3bab84ef9f18430a9b336ab69eaf3cd24299ff",
                "sha256:a62ec5e13e227399be73303ff301f2865bf68657d15ea50b038d25fc41097317",
                "sha256:ab76e5580b0ed647a8d8d2d2daee170e8e9f8aad225ede314f684e297e3643c2",
                "sha256:bf4003aa538af3f4205c5fac56eacaa67a6dd81e454ffd9e9f055fff9f1bc614",
                "sha256:bf598d2e37cf8edb1a2f26ed3fb255191f5232badea4003c16301cb94ac5bdd0",
                "sha256:c18f70dc27cc5d236f10e7834236aff60aadc71346a5bc1f4f83a4b3abee6386",
                "sha256:c5ed816632204a2fc9486d784d8e0d0ae754347aba99c811458d69fcdfd2a2f9",
                "sha256:dc058b7833184970d1248135b8b0ab702e6daa833be14035179f2acb78ff5636",
                "sha256:ff3797f2f16bf9d17d53257612da84dd0758db33935777149b3334c01ff68865"
            ],
            "index": "pypi",
            "version": "==7.0.0"
        },
        "pygame": {
            "hashes": [
                "sha256:0480fe82cd41a43e3eea497fa2c059c72ac54cb5d003d5aa2ed06a04541c384e",
                "sha256:136a3b5711d9ec369a0407e4e08ffced3ba61aa41059e9280ffffa79c8614f65",
                "sha256:2622b9dd95f445c887a36a57eade42c672598589f69a8052ccdb8eeeffa4dbb1",
                "sha256:301c6428c0880ecd4a9e3951b80e539c33863b6ff356a443db1758de4f297957",
                "sha256:396320aa29a925feed0b64639f77ce1418722ea7f536b4e4936083dd8d4c4535",
                "sha256:398c42b605ecc514e62f68f1944a2d21e247938309f598de6cb0ad3c207324a8",
                "sha256:4aaff572a273a32e70ec3593d213e59ab11c183a9916616562247930f17a5447",
                "sha256:4e1065577f1b29111113be5deb2ea88553551a5e1cf33e0c08fa32768f285809",
                "sha256:5f052dc2975a399aa1830c1f04c5f72856aa416bf3cd4b31375a058015a5c620",
                "sha256:68ea43e51150316b9fb08e251209d4e2b4e76a340b5b6fc8cdf1a898c78f7e5b",
                "sha256:698433a9fcefca0527244dc44dff9503eb26157494730b1cc80e6e4dbb246e92",
                "sha256:6f714986f7987f10cb94f1be0753318e341a7ea6b12d66f37a4d5d6dd4695023",
                "sha256:73cd9df328c7e72638dbcc1d18e7155225faed880a53db6bad90d1d7c0a71dfd",
                "sha256:7876d1f29f66d3d7cac46479503891ee1ef409b0fbce54b0d74f3a6b33a46dba",
                "sha256:854e87b8b2b76e3ed11d64985fcfdd7af919659503de99fc2b0a717b314c3cf0",
                "sha256:8da13704ad45b7d5de8a8cca135a7f44c7fc6aa9f691abe7b0392468a34a8013",
                "sha256:9ce22fb72298ea33dbb3a1c6c60a4a4e19d9698df6f3f5782eba4dada7b7736d",
                "sha256:a37b6c59e7b8feadc51db5197052b86ceb6443f9fb2a6f7d6527620e707c558c",
                "sha256:a6e8d2f99dbe1dfe72d0c019693c14d93c410f702d0b04ec9a81b36dacd55a23",
                "sha256:a9ac862dd7159861f2c6443b0029089e1c0c4ec762a8074022914ec52fe4dfac",
                "sha256:ae1bc3e78ed28f20878e7ca2c98663a6634e9c00d7746d39413fc18e907dc162",
                "sha256:be7e70f91bd4eb35ae081062f16bf434619b3292358d9b061f8159ddc570c7f0",
                "sha256:c895cf9c1b6d1cbba8cb8cc3f5427febcf8aa41a9333697741abeea1c537a350",
                "sha256:e3e7e4a09dfd8b03663222d6bcadec9fef021404f4d9eecf56825342e039dfc1",
                "sha256:f1f5714d2c23f6a64ef2ac4fcd36a2dd2689da85978d951a99a6ae5dfdf9bdbc",
                "sha256:fa788f775680fc5d268ab00a2da29c9a22830032cfab732730298a2952cd87f3"
            ],
            "index": "pypi",
            "version": "==1.9.6"
        },
        "pyglm": {
            "hashes": [
                "sha256:1678cc093b89ff919d7218a8cbf8a8fcedd26c2710d841e5942ae1d55fe5b5ce",
                "sha256:2b6bb76323ab8482321851b26f97cc2c1e54bb4c4c59012424b6be33e55b06bc",
                "sha256:2de706e3c9b82e68677c3d8387aec23951d00273a6039809f1c9328812889aa7",
                "sha256:40879a9441dd6157c2fcda827420aefcdd0f10ff41f7da4a6d61b62a523a413a",
                "sha256:487ed536e8e8576f04ab6fe234499d9a2cdba78f356fd2cecb1376a7b402c487",
                "sha256:5315463d50df20d5a7c03d711ffa7312873dcef67e38069ed332918e2f57f231",
                "sha256:62ea4ee1dd93bb48c291755a65d05c15e30e35e69a87394ecb71fd51b8cd358a",
                "sha256:679393554ad80ee5d19bbc9b3fabc0d306d257937efa4c08d7b6b048de0eb30a",
                "sha256:6ad4fa4bda425308a4b31c4fd9a0c81376f5f771843ccd73451ba11f863c1ce7",
                "sha256:6ba4d927a8892fe934f8ce1dd1edce1153790dd60f2264982dfa0e7bd968a9d7",
                "sha256:727593c0299fdaf14e1108163cd10cd96bb0918d29286dab9fc36c9f85518007",
                "sha256:85551367091441b39ddf721a4df6f99ffa752f62ac6bdf9a3020ec62f7333af7",
                "sha256:90753a256333eabe1330ad74aa13412b4fc185b7024313f228f528b1dab2af2c",
                "sha256:a413d83d8353501a3f109182831e095e3ea4ab13a4f1d792912bd4d951801ba3",
                "sha256:b0d58792e2ae93c3ab519d6dfb2bc6f690c4c2a7119690f85ec93510cd7990b1",
                "sha256:d2dd81be38393a868fd158f8e2f4df42577d88a06fb9233459c5a38f00a84d09",
                "sha256:ea0bf8943064d1515b925c6191242772b6ba3e453fbd1db5cbce3796aff185be",
                "sha256:f46dbadb91f1889f8715c5944f1293246903c8f7875b1294cf6da393f7e9fbca",
                "sha256:f750fc64a9fa404a491f6f0b092fe03ed30ffe72c9a1b742a53281291d87cc02",
                "sha256:ff4a05a1a257792f08355edf527764f3ce37b61f78a8a95de27de40050483b9f"
            ],
            "index": "pypi",
            "version": "==1.1.8"
        },
        "pyopengl": {
            "hashes": [
                "sha256:11ad32c7bde7ea0ffb7a94dd552c639ca72376982a8dd6fe0c092d2002a4ca6e",
                "sha256:36b4ac28220e4bfa29e5557525ad2967ca74558a94bccea48864fc742b18db11",
                "sha256:4107ba0d0390da5766a08c242cf0cf3404c377ed293c5f6d701e457c57ba3424"
            ],
            "index": "pypi",
            "version": "==3.1.5"
        },
        "pyqt5": {
            "hashes": [
                "sha256:2d94ec761fb656707050c68b41958e3a9f755bb1df96c064470f4096d2899e32",
                "sha256:2f230f2dbd767099de7a0cb915abdf0cbc3256a0b5bb910eb09b99117db7a65b",
                "sha256:31b142a868152d60c6323e0527edb692fdf05fd7cb4fe2fe9ce07d1ce560221a",
                "sha256:713b9a201f5e7b2fca8691373e5d5c8c2552a51d87ca9ffbb1461e34e3241211",
                "sha256:a0bfe9fd718bca4de3e33000347e048f73126b6dc46530eb020b0251a638ee9d"
            ],
            "index": "pypi",
            "version": "==5.14.1"
        },
        "pyqt5-sip": {
            "hashes": [
                "sha256:1115728644bbadcde5fc8a16e7918bd31915a42dd6fb36b10d4afb78c582753e",
                "sha256:1f4289276d355b6521dc2cc956189315da6f13adfb6bbab8f25ebd15e3bce1d4",
                "sha256:288c6dc18a8d6a20981c07b715b5695d9b66880778565f3792bc6e38f14f20fb",
                "sha256:3f665376d9e52faa9855c3736a66ce6d825f85c86d7774d3c393f09da23f4f86",
                "sha256:6b4860c4305980db509415d0af802f111d15f92016c9422eb753bc8883463456",
                "sha256:7ffa39763097f64de129cf5cc770a651c3f65d2466b4fe05bef2bd2efbaa38e6",
                "sha256:8a18e6f45d482ddfe381789979d09ee13aa6450caa3a0476503891bccb3ac709",
                "sha256:8da842d3d7bf8931d1093105fb92702276b6dbb7e801abbaaa869405d616171a",
                "sha256:b42021229424aa44e99b3b49520b799fd64ff6ae8b53f79f903bbd85719a28e4",
                "sha256:b5b4906445fe980aee76f20400116b6904bf5f30d0767489c13370e42a764020",
                "sha256:c1e730a9eb2ec3869ed5d81b0f99f6e2460fb4d77750444c0ec183b771d798f7",
                "sha256:cbeeae6b45234a1654657f79943f8bccd3d14b4e7496746c62cf6fbce69442c7",
                "sha256:d46b0f8effc554de52a1466b1bd80e5cb4bce635a75ac4e7ad6247c965dec5b9",
                "sha256:e28c3abc9b62a1b7e796891648b9f14f8167b31c8e7990fae79654777252bb4d",
                "sha256:e6078f5ee7d31c102910d0c277a110e1c2a20a3fc88cd017a39e170120586d3f",
                "sha256:ee1a12f09d5af2304273bfd2f6b43835c1467d5ed501a6c95f5405637fa7750a",
                "sha256:f314f31f5fd39b06897f013f425137e511d45967150eb4e424a363d8138521c6"
            ],
            "version": "==12.7.1"
        }
    },
    "develop": {}
}
